Microsoft Visual Studio Solution File, Format Version 12.00
# Visual Studio Version 17
VisualStudioVersion = 17.5.2.0
MinimumVisualStudioVersion = 10.0.40219.1
Project("{FAE04EC0-301F-11D3-BF4B-00C04F79EFBC}") = "PetalBid.Api", "PetalBid.Api\PetalBid.Api.csproj", "{241E1CCC-6341-6753-BA64-BB1646C7E583}"
EndProject
Project("{FAE04EC0-301F-11D3-BF4B-00C04F79EFBC}") = "PetalBid.Api.Tests", "PetalBid.Api.Tests\PetalBid.Api.Tests.csproj", "{8879BE3C-FAC9-4E65-A331-39F09CAC3AFE}"
EndProject
Global
	GlobalSection(SolutionConfigurationPlatforms) = preSolution
		Debug|Any CPU = Debug|Any CPU
		Release|Any CPU = Release|Any CPU
	EndGlobalSection
	GlobalSection(ProjectConfigurationPlatforms) = postSolution
		{241E1CCC-6341-6753-BA64-BB1646C7E583}.Debug|Any CPU.ActiveCfg = Debug|Any CPU
		{241E1CCC-6341-6753-BA64-BB1646C7E583}.Debug|Any CPU.Build.0 = Debug|Any CPU
		{241E1CCC-6341-6753-BA64-BB1646C7E583}.Release|Any CPU.ActiveCfg = Release|Any CPU
		{241E1CCC-6341-6753-BA64-BB1646C7E583}.Release|Any CPU.Build.0 = Release|Any CPU
		{8879BE3C-FAC9-4E65-A331-39F09CAC3AFE}.Debug|Any CPU.ActiveCfg = Debug|Any CPU
		{8879BE3C-FAC9-4E65-A331-39F09CAC3AFE}.Debug|Any CPU.Build.0 = Debug|Any CPU
		{8879BE3C-FAC9-4E65-A331-39F09CAC3AFE}.Release|Any CPU.ActiveCfg = Release|Any CPU
		{8879BE3C-FAC9-4E65-A331-39F09CAC3AFE}.Release|Any CPU.Build.0 = Release|Any CPU
	EndGlobalSection
	GlobalSection(SolutionProperties) = preSolution
		HideSolutionNode = FALSE
	EndGlobalSection
	GlobalSection(ExtensibilityGlobals) = postSolution
		SolutionGuid = {53720822-0579-472B-B4CA-547DC1BBFE23}
	EndGlobalSection
EndGlobal
